
Microsoft Visual Studio Solution File, Format Version 12.00
# Visual Studio 2013
VisualStudioVersion = 12.0.31101.0
MinimumVisualStudioVersion = 10.0.40219.1
Project("{8BC9CEB8-8B4A-11D0-8D11-00A0C91BC942}") = "DXProject", "DXProject\DXProject.vcxproj", "{66AB1E31-8963-4621-B37A-E19DA04E1694}"
EndProject
Project("{8BC9CEB8-8B4A-11D0-8D11-00A0C91BC942}") = "TestVTable", "TestVTable\TestVTable.vcxproj", "{E42AB397-FA93-4DA8-BE0D-FC10C306ABA1}"
EndProject
Project("{8BC9CEB8-8B4A-11D0-8D11-00A0C91BC942}") = "DX10Project", "DX10Project\DX10Project.vcxproj", "{5BDB31D8-0235-4061-A700-E01534607EC8}"
EndProject
Global
	GlobalSection(SolutionConfigurationPlatforms) = preSolution
		Debug|Win32 = Debug|Win32
		Release|Win32 = Release|Win32
	EndGlobalSection
	GlobalSection(ProjectConfigurationPlatforms) = postSolution
		{66AB1E31-8963-4621-B37A-E19DA04E1694}.Debug|Win32.ActiveCfg = Debug|Win32
		{66AB1E31-8963-4621-B37A-E19DA04E1694}.Debug|Win32.Build.0 = Debug|Win32
		{66AB1E31-8963-4621-B37A-E19DA04E1694}.Release|Win32.ActiveCfg = Release|Win32
		{66AB1E31-8963-4621-B37A-E19DA04E1694}.Release|Win32.Build.0 = Release|Win32
		{E42AB397-FA93-4DA8-BE0D-FC10C306ABA1}.Debug|Win32.ActiveCfg = Debug|Win32
		{E42AB397-FA93-4DA8-BE0D-FC10C306ABA1}.Debug|Win32.Build.0 = Debug|Win32
		{E42AB397-FA93-4DA8-BE0D-FC10C306ABA1}.Release|Win32.ActiveCfg = Release|Win32
		{E42AB397-FA93-4DA8-BE0D-FC10C306ABA1}.Release|Win32.Build.0 = Release|Win32
		{5BDB31D8-0235-4061-A700-E01534607EC8}.Debug|Win32.ActiveCfg = Debug|Win32
		{5BDB31D8-0235-4061-A700-E01534607EC8}.Debug|Win32.Build.0 = Debug|Win32
		{5BDB31D8-0235-4061-A700-E01534607EC8}.Release|Win32.ActiveCfg = Release|Win32
		{5BDB31D8-0235-4061-A700-E01534607EC8}.Release|Win32.Build.0 = Release|Win32
	EndGlobalSection
	GlobalSection(SolutionProperties) = preSolution
		HideSolutionNode = FALSE
	EndGlobalSection
EndGlobal
